
Microsoft Visual Studio Solution File, Format Version 12.00
# Visual Studio Version 16
VisualStudioVersion = 25.0.1706.1
MinimumVisualStudioVersion = 10.0.40219.1
Project("{FAE04EC0-301F-11D3-BF4B-00C04F79EFBC}") = "Chess-Challenge", "Chess-Challenge.csproj", "{18F122BC-E37C-4A82-AAFF-62C321973E3C}"
EndProject
Global
	GlobalSection(SolutionConfigurationPlatforms) = preSolution
		Debug|Any CPU = Debug|Any CPU
		Release|Any CPU = Release|Any CPU
	EndGlobalSection
	GlobalSection(ProjectConfigurationPlatforms) = postSolution
		{18F122BC-E37C-4A82-AAFF-62C321973E3C}.Debug|Any CPU.ActiveCfg = Debug|Any CPU
		{18F122BC-E37C-4A82-AAFF-62C321973E3C}.Debug|Any CPU.Build.0 = Debug|Any CPU
		{18F122BC-E37C-4A82-AAFF-62C321973E3C}.Release|Any CPU.ActiveCfg = Release|Any CPU
		{18F122BC-E37C-4A82-AAFF-62C321973E3C}.Release|Any CPU.Build.0 = Release|Any CPU
	EndGlobalSection
	GlobalSection(SolutionProperties) = preSolution
		HideSolutionNode = FALSE
	EndGlobalSection
	GlobalSection(ExtensibilityGlobals) = postSolution
		SolutionGuid = {E3FF1F51-F4D8-4625-A602-973EBB4034D7}
	EndGlobalSection
EndGlobal
